
Microsoft Visual Studio Solution File, Format Version 12.00
# Visual Studio Version 16
VisualStudioVersion = 16.0.31205.134
MinimumVisualStudioVersion = 10.0.40219.1
Project("{FAE04EC0-301F-11D3-BF4B-00C04F79EFBC}") = "HangFireWebApi", "HangFireWebApi.csproj", "{FED70D91-7698-492C-8C18-2FFDFD6DDCFA}"
EndProject
Global
	GlobalSection(SolutionConfigurationPlatforms) = preSolution
		Debug|Any CPU = Debug|Any CPU
		Release|Any CPU = Release|Any CPU
	EndGlobalSection
	GlobalSection(ProjectConfigurationPlatforms) = postSolution
		{FED70D91-7698-492C-8C18-2FFDFD6DDCFA}.Debug|Any CPU.ActiveCfg = Debug|Any CPU
		{FED70D91-7698-492C-8C18-2FFDFD6DDCFA}.Debug|Any CPU.Build.0 = Debug|Any CPU
		{FED70D91-7698-492C-8C18-2FFDFD6DDCFA}.Release|Any CPU.ActiveCfg = Release|Any CPU
		{FED70D91-7698-492C-8C18-2FFDFD6DDCFA}.Release|Any CPU.Build.0 = Release|Any CPU
	EndGlobalSection
	GlobalSection(SolutionProperties) = preSolution
		HideSolutionNode = FALSE
	EndGlobalSection
	GlobalSection(ExtensibilityGlobals) = postSolution
		SolutionGuid = {EBF7ABFF-F932-43EA-8F81-C7276F0D99FA}
	EndGlobalSection
EndGlobal
